PODS:
  - Alamofire (5.4.3)
  - Device (3.2.1)
  - Kingfisher (6.3.0)
  - Moya (14.0.0):
    - Moya/Core (= 14.0.0)
  - Moya/Core (14.0.0):
    - Alamofire (~> 5.0)
  - p2.OAuth2 (5.3.1)
  - R.swift (6.1.0):
    - R.swift.Library (~> 5.3.0)
  - R.swift.Library (5.3.0)
  - SwiftLint (0.43.1)
  - Swinject (2.7.1)
  - SwinjectAutoregistration (2.8.1):
    - Swinject (= 2.7.1)
  - SwinjectStoryboard (2.2.2):
    - Swinject (~> 2.7.1)
  - Wormholy (1.6.5)

DEPENDENCIES:
  - Device
  - Kingfisher (~> 6.3.0)
  - Moya
  - p2.OAuth2
  - R.swift
  - R.swift.Library
  - SwiftLint
  - Swinject
  - SwinjectAutoregistration
  - SwinjectStoryboard
  - Wormholy

SPEC REPOS:
  trunk:
    - Alamofire
    - Device
    - Kingfisher
    - Moya
    - p2.OAuth2
    - R.swift
    - R.swift.Library
    - SwiftLint
    - Swinject
    - SwinjectAutoregistration
    - SwinjectStoryboard
    - Wormholy

SPEC CHECKSUMS:
  Alamofire: e447a2774a40c996748296fa2c55112fdbbc42f9
  Device: 0738862dd8a30856b4bd9e21cb9b728873d21392
  Kingfisher: 6c3df386db71d82c0817a429d2c9421a77396529
  Moya: 5b45dacb75adb009f97fde91c204c1e565d31916
  p2.OAuth2: d74bba0192c0fa13ade07ba710f8c7dfbb101e16
  R.swift: ec98ff71c4ab2f6fd01dd077e5afd15e63a4834c
  R.swift.Library: 0fc583cb55a99e28901299cc451614cad1161962
  SwiftLint: 99f82d07b837b942dd563c668de129a03fc3fb52
  Swinject: ddf78b8486dd9b71a667b852cad919ab4484478e
  SwinjectAutoregistration: e83e362da3ca9c64a68290e89efbc40e378dff12
  SwinjectStoryboard: 240ce371396da09a4c43c72ee5c148108500e184
  Wormholy: 3252bc3e55a1847ef9a0976c1377bd77bf3635fa

PODFILE CHECKSUM: aaf80621bacc251f38cde9f61b908c096dd0e27d

COCOAPODS: 1.10.1
