// !$*UTF8*$!
{
	archiveVersion = 1;
	classes = {
	};
	objectVersion = 51;
	objects = {

/* Begin PBXBuildFile section */
		53BE81576469A6D1535539BC /* Pods_VIP_Project.framework in Frameworks */ = {isa = PBXBuildFile; fileRef = E3F76769CFCAD0666074042D /* Pods_VIP_Project.framework */; };
		57858079281989CF00082243 /* TabBarViewController.swift in Sources */ = {isa = PBXBuildFile; fileRef = 57858078281989CF00082243 /* TabBarViewController.swift */; };
		5785807B281989DA00082243 /* TabBarInteractor.swift in Sources */ = {isa = PBXBuildFile; fileRef = 5785807A281989DA00082243 /* TabBarInteractor.swift */; };
		5785807D281989E500082243 /* TabBarPresenter.swift in Sources */ = {isa = PBXBuildFile; fileRef = 5785807C281989E500082243 /* TabBarPresenter.swift */; };
		5785807F281989F600082243 /* TabBarRouter.swift in Sources */ = {isa = PBXBuildFile; fileRef = 5785807E281989F600082243 /* TabBarRouter.swift */; };
		5785808128198A0100082243 /* TabBarProvider.swift in Sources */ = {isa = PBXBuildFile; fileRef = 5785808028198A0100082243 /* TabBarProvider.swift */; };
		5785808328198A0D00082243 /* TabBarItem.swift in Sources */ = {isa = PBXBuildFile; fileRef = 5785808228198A0D00082243 /* TabBarItem.swift */; };
		5785808628198B8600082243 /* AppNavigationController.swift in Sources */ = {isa = PBXBuildFile; fileRef = 5785808528198B8600082243 /* AppNavigationController.swift */; };
		578580882819D52E00082243 /* TabBar.storyboard in Resources */ = {isa = PBXBuildFile; fileRef = 578580872819D52E00082243 /* TabBar.storyboard */; };
		5785808B2819D6CE00082243 /* TabBarAssembly.swift in Sources */ = {isa = PBXBuildFile; fileRef = 5785808A2819D6CE00082243 /* TabBarAssembly.swift */; };
		5785808D2819D6D900082243 /* TabBarStoryboard.swift in Sources */ = {isa = PBXBuildFile; fileRef = 5785808C2819D6D900082243 /* TabBarStoryboard.swift */; };
		57907D0D27B0202A00A67C66 /* NetworkObserver.swift in Sources */ = {isa = PBXBuildFile; fileRef = 57907D0C27B0202A00A67C66 /* NetworkObserver.swift */; };
		57907D1027B0209600A67C66 /* NWPathMonitorProtocol.swift in Sources */ = {isa = PBXBuildFile; fileRef = 57907D0F27B0209600A67C66 /* NWPathMonitorProtocol.swift */; };
		57907D1227B0218300A67C66 /* SharedAssembly.swift in Sources */ = {isa = PBXBuildFile; fileRef = 57907D1127B0218300A67C66 /* SharedAssembly.swift */; };
		57907D1427B0223100A67C66 /* Storyboard.swift in Sources */ = {isa = PBXBuildFile; fileRef = 57907D1327B0223100A67C66 /* Storyboard.swift */; };
		57907D1627B022EB00A67C66 /* UIApplicationProtocol.swift in Sources */ = {isa = PBXBuildFile; fileRef = 57907D1527B022EB00A67C66 /* UIApplicationProtocol.swift */; };
		57907D1827B0246B00A67C66 /* DispatchQueueProtocol.swift in Sources */ = {isa = PBXBuildFile; fileRef = 57907D1727B0246B00A67C66 /* DispatchQueueProtocol.swift */; };
		57907D1A27B024DF00A67C66 /* TopViewControllerProviderProtocol.swift in Sources */ = {isa = PBXBuildFile; fileRef = 57907D1927B024DF00A67C66 /* TopViewControllerProviderProtocol.swift */; };
		57907D1C27B0252700A67C66 /* UIViewControllerRouting.swift in Sources */ = {isa = PBXBuildFile; fileRef = 57907D1B27B0252700A67C66 /* UIViewControllerRouting.swift */; };
		57907D2227B0287600A67C66 /* Provider.swift in Sources */ = {isa = PBXBuildFile; fileRef = 57907D2127B0287600A67C66 /* Provider.swift */; };
		57907D2527B0298B00A67C66 /* ClientError.swift in Sources */ = {isa = PBXBuildFile; fileRef = 57907D2427B0298B00A67C66 /* ClientError.swift */; };
		57907D2727B02A1E00A67C66 /* AppError.swift in Sources */ = {isa = PBXBuildFile; fileRef = 57907D2627B02A1E00A67C66 /* AppError.swift */; };
		57907D2927B02A7100A67C66 /* String + Localization.swift in Sources */ = {isa = PBXBuildFile; fileRef = 57907D2827B02A7100A67C66 /* String + Localization.swift */; };
		57907D2B27B02B3E00A67C66 /* ProviderError.swift in Sources */ = {isa = PBXBuildFile; fileRef = 57907D2A27B02B3E00A67C66 /* ProviderError.swift */; };
		57907D2D27B02C4C00A67C66 /* ArticleService.swift in Sources */ = {isa = PBXBuildFile; fileRef = 57907D2C27B02C4C00A67C66 /* ArticleService.swift */; };
		57907D3027B02E2C00A67C66 /* ArticleListStoryboardId.swift in Sources */ = {isa = PBXBuildFile; fileRef = 57907D2F27B02E2C00A67C66 /* ArticleListStoryboardId.swift */; };
		57907D3227B02E3A00A67C66 /* ArticleListStoryboard.swift in Sources */ = {isa = PBXBuildFile; fileRef = 57907D3127B02E3A00A67C66 /* ArticleListStoryboard.swift */; };
		57907D3427B02E4800A67C66 /* ArticleListAssembly.swift in Sources */ = {isa = PBXBuildFile; fileRef = 57907D3327B02E4800A67C66 /* ArticleListAssembly.swift */; };
		57919DD326D154760068808F /* AppDelegate.swift in Sources */ = {isa = PBXBuildFile; fileRef = 57919DD226D154760068808F /* AppDelegate.swift */; };
		57919DD526D154760068808F /* App.swift in Sources */ = {isa = PBXBuildFile; fileRef = 57919DD426D154760068808F /* App.swift */; };
		57919DD726D154760068808F /* RootNavigator.swift in Sources */ = {isa = PBXBuildFile; fileRef = 57919DD626D154760068808F /* RootNavigator.swift */; };
		57919DDA26D154760068808F /* ArticleList.storyboard in Resources */ = {isa = PBXBuildFile; fileRef = 57919DD826D154760068808F /* ArticleList.storyboard */; };
		57919DDC26D154770068808F /* Assets.xcassets in Resources */ = {isa = PBXBuildFile; fileRef = 57919DDB26D154770068808F /* Assets.xcassets */; };
		57919DDF26D154770068808F /* LaunchScreen.storyboard in Resources */ = {isa = PBXBuildFile; fileRef = 57919DDD26D154770068808F /* LaunchScreen.storyboard */; };
		57919DF726D160780068808F /* ArticleTarget.swift in Sources */ = {isa = PBXBuildFile; fileRef = 57919DF626D160780068808F /* ArticleTarget.swift */; };
		57919E0026D163B30068808F /* ArticlesPresenter.swift in Sources */ = {isa = PBXBuildFile; fileRef = 57919DFA26D163B30068808F /* ArticlesPresenter.swift */; };
		57919E0226D163B30068808F /* ArticlesRouter.swift in Sources */ = {isa = PBXBuildFile; fileRef = 57919DFC26D163B30068808F /* ArticlesRouter.swift */; };
		57919E0326D163B30068808F /* ArticlesModels.swift in Sources */ = {isa = PBXBuildFile; fileRef = 57919DFD26D163B30068808F /* ArticlesModels.swift */; };
		57919E0426D163B30068808F /* ArticlesViewController.swift in Sources */ = {isa = PBXBuildFile; fileRef = 57919DFE26D163B30068808F /* ArticlesViewController.swift */; };
		57919E0526D163B30068808F /* ArticlesInteractor.swift in Sources */ = {isa = PBXBuildFile; fileRef = 57919DFF26D163B30068808F /* ArticlesInteractor.swift */; };
		57919E0926D165840068808F /* ArticleModel.swift in Sources */ = {isa = PBXBuildFile; fileRef = 57919E0826D165840068808F /* ArticleModel.swift */; };
		57919E0E26D272230068808F /* ArticleTableViewCell.swift in Sources */ = {isa = PBXBuildFile; fileRef = 57919E0C26D272230068808F /* ArticleTableViewCell.swift */; };
		57919E0F26D272230068808F /* ArticleTableViewCell.xib in Resources */ = {isa = PBXBuildFile; fileRef = 57919E0D26D272230068808F /* ArticleTableViewCell.xib */; };
		57919E1326D274490068808F /* UIColor + MyColors.swift in Sources */ = {isa = PBXBuildFile; fileRef = 57919E1226D274490068808F /* UIColor + MyColors.swift */; };
		57919E2A26D29CA50068808F /* ArticleDetailsPresenter.swift in Sources */ = {isa = PBXBuildFile; fileRef = 57919E2426D29CA50068808F /* ArticleDetailsPresenter.swift */; };
		57919E2C26D29CA50068808F /* ArticleDetailsRouter.swift in Sources */ = {isa = PBXBuildFile; fileRef = 57919E2626D29CA50068808F /* ArticleDetailsRouter.swift */; };
		57919E2D26D29CA50068808F /* ArticleDetailsModels.swift in Sources */ = {isa = PBXBuildFile; fileRef = 57919E2726D29CA50068808F /* ArticleDetailsModels.swift */; };
		57919E2E26D29CA50068808F /* ArticleDetailsViewController.swift in Sources */ = {isa = PBXBuildFile; fileRef = 57919E2826D29CA50068808F /* ArticleDetailsViewController.swift */; };
		57919E2F26D29CA50068808F /* ArticleDetailsInteractor.swift in Sources */ = {isa = PBXBuildFile; fileRef = 57919E2926D29CA50068808F /* ArticleDetailsInteractor.swift */; };
		57919E3B26D2A8150068808F /* AboutPresenter.swift in Sources */ = {isa = PBXBuildFile; fileRef = 57919E3526D2A8150068808F /* AboutPresenter.swift */; };
		57919E3D26D2A8150068808F /* AboutRouter.swift in Sources */ = {isa = PBXBuildFile; fileRef = 57919E3726D2A8150068808F /* AboutRouter.swift */; };
		57919E3E26D2A8150068808F /* AboutModels.swift in Sources */ = {isa = PBXBuildFile; fileRef = 57919E3826D2A8150068808F /* AboutModels.swift */; };
		57919E3F26D2A8150068808F /* AboutViewController.swift in Sources */ = {isa = PBXBuildFile; fileRef = 57919E3926D2A8150068808F /* AboutViewController.swift */; };
		57919E4026D2A8150068808F /* AboutInteractor.swift in Sources */ = {isa = PBXBuildFile; fileRef = 57919E3A26D2A8150068808F /* AboutInteractor.swift */; };
		57919E4626D2AB820068808F /* ImageAndTitleTableViewCell.swift in Sources */ = {isa = PBXBuildFile; fileRef = 57919E4426D2AB820068808F /* ImageAndTitleTableViewCell.swift */; };
		57919E4726D2AB820068808F /* ImageAndTitleTableViewCell.xib in Resources */ = {isa = PBXBuildFile; fileRef = 57919E4526D2AB820068808F /* ImageAndTitleTableViewCell.xib */; };
		57919E4C26D2B2290068808F /* ContentAndInfoTableViewCell.swift in Sources */ = {isa = PBXBuildFile; fileRef = 57919E4A26D2B2290068808F /* ContentAndInfoTableViewCell.swift */; };
		57919E4D26D2B2290068808F /* ContentAndInfoTableViewCell.xib in Resources */ = {isa = PBXBuildFile; fileRef = 57919E4B26D2B2290068808F /* ContentAndInfoTableViewCell.xib */; };
		57955BD027ECEA30007BDADD /* R.generated.swift in Sources */ = {isa = PBXBuildFile; fileRef = 57955BCF27ECEA30007BDADD /* R.generated.swift */; };
		57A747A2281F1A750008BC47 /* About.storyboard in Resources */ = {isa = PBXBuildFile; fileRef = 57A747A1281F1A750008BC47 /* About.storyboard */; };
		57A747A5281F1B380008BC47 /* AboutStoryboardId.swift in Sources */ = {isa = PBXBuildFile; fileRef = 57A747A4281F1B380008BC47 /* AboutStoryboardId.swift */; };
		57A747A7281F1B470008BC47 /* AboutStoryboard.swift in Sources */ = {isa = PBXBuildFile; fileRef = 57A747A6281F1B470008BC47 /* AboutStoryboard.swift */; };
		57A747A9281F1B540008BC47 /* AboutAssembly.swift in Sources */ = {isa = PBXBuildFile; fileRef = 57A747A8281F1B540008BC47 /* AboutAssembly.swift */; };
/* End PBXBuildFile section */

/* Begin PBXFileReference section */
		49FF6626858B5499B5CB58CA /* Pods-VIP Project.release.xcconfig */ = {isa = PBXFileReference; includeInIndex = 1; lastKnownFileType = text.xcconfig; name = "Pods-VIP Project.release.xcconfig"; path = "Target Support Files/Pods-VIP Project/Pods-VIP Project.release.xcconfig"; sourceTree = "<group>"; };
		57858078281989CF00082243 /* TabBarViewController.swift */ = {isa = PBXFileReference; lastKnownFileType = sourcecode.swift; path = TabBarViewController.swift; sourceTree = "<group>"; };
		5785807A281989DA00082243 /* TabBarInteractor.swift */ = {isa = PBXFileReference; lastKnownFileType = sourcecode.swift; path = TabBarInteractor.swift; sourceTree = "<group>"; };
		5785807C281989E500082243 /* TabBarPresenter.swift */ = {isa = PBXFileReference; lastKnownFileType = sourcecode.swift; path = TabBarPresenter.swift; sourceTree = "<group>"; };
		5785807E281989F600082243 /* TabBarRouter.swift */ = {isa = PBXFileReference; lastKnownFileType = sourcecode.swift; path = TabBarRouter.swift; sourceTree = "<group>"; };
		5785808028198A0100082243 /* TabBarProvider.swift */ = {isa = PBXFileReference; lastKnownFileType = sourcecode.swift; path = TabBarProvider.swift; sourceTree = "<group>"; };
		5785808228198A0D00082243 /* TabBarItem.swift */ = {isa = PBXFileReference; lastKnownFileType = sourcecode.swift; path = TabBarItem.swift; sourceTree = "<group>"; };
		5785808528198B8600082243 /* AppNavigationController.swift */ = {isa = PBXFileReference; lastKnownFileType = sourcecode.swift; path = AppNavigationController.swift; sourceTree = "<group>"; };
		578580872819D52E00082243 /* TabBar.storyboard */ = {isa = PBXFileReference; lastKnownFileType = file.storyboard; path = TabBar.storyboard; sourceTree = "<group>"; };
		5785808A2819D6CE00082243 /* TabBarAssembly.swift */ = {isa = PBXFileReference; lastKnownFileType = sourcecode.swift; path = TabBarAssembly.swift; sourceTree = "<group>"; };
		5785808C2819D6D900082243 /* TabBarStoryboard.swift */ = {isa = PBXFileReference; lastKnownFileType = sourcecode.swift; path = TabBarStoryboard.swift; sourceTree = "<group>"; };
		57907D0C27B0202A00A67C66 /* NetworkObserver.swift */ = {isa = PBXFileReference; lastKnownFileType = sourcecode.swift; path = NetworkObserver.swift; sourceTree = "<group>"; };
		57907D0F27B0209600A67C66 /* NWPathMonitorProtocol.swift */ = {isa = PBXFileReference; lastKnownFileType = sourcecode.swift; path = NWPathMonitorProtocol.swift; sourceTree = "<group>"; };
		57907D1127B0218300A67C66 /* SharedAssembly.swift */ = {isa = PBXFileReference; lastKnownFileType = sourcecode.swift; path = SharedAssembly.swift; sourceTree = "<group>"; };
		57907D1327B0223100A67C66 /* Storyboard.swift */ = {isa = PBXFileReference; lastKnownFileType = sourcecode.swift; path = Storyboard.swift; sourceTree = "<group>"; };
		57907D1527B022EB00A67C66 /* UIApplicationProtocol.swift */ = {isa = PBXFileReference; lastKnownFileType = sourcecode.swift; path = UIApplicationProtocol.swift; sourceTree = "<group>"; };
		57907D1727B0246B00A67C66 /* DispatchQueueProtocol.swift */ = {isa = PBXFileReference; lastKnownFileType = sourcecode.swift; path = DispatchQueueProtocol.swift; sourceTree = "<group>"; };
		57907D1927B024DF00A67C66 /* TopViewControllerProviderProtocol.swift */ = {isa = PBXFileReference; lastKnownFileType = sourcecode.swift; path = TopViewControllerProviderProtocol.swift; sourceTree = "<group>"; };
		57907D1B27B0252700A67C66 /* UIViewControllerRouting.swift */ = {isa = PBXFileReference; lastKnownFileType = sourcecode.swift; path = UIViewControllerRouting.swift; sourceTree = "<group>"; };
		57907D2127B0287600A67C66 /* Provider.swift */ = {isa = PBXFileReference; lastKnownFileType = sourcecode.swift; path = Provider.swift; sourceTree = "<group>"; };
		57907D2427B0298B00A67C66 /* ClientError.swift */ = {isa = PBXFileReference; lastKnownFileType = sourcecode.swift; path = ClientError.swift; sourceTree = "<group>"; };
		57907D2627B02A1E00A67C66 /* AppError.swift */ = {isa = PBXFileReference; lastKnownFileType = sourcecode.swift; path = AppError.swift; sourceTree = "<group>"; };
		57907D2827B02A7100A67C66 /* String + Localization.swift */ = {isa = PBXFileReference; lastKnownFileType = sourcecode.swift; path = "String + Localization.swift"; sourceTree = "<group>"; };
		57907D2A27B02B3E00A67C66 /* ProviderError.swift */ = {isa = PBXFileReference; lastKnownFileType = sourcecode.swift; path = ProviderError.swift; sourceTree = "<group>"; };
		57907D2C27B02C4C00A67C66 /* ArticleService.swift */ = {isa = PBXFileReference; lastKnownFileType = sourcecode.swift; path = ArticleService.swift; sourceTree = "<group>"; };
		57907D2F27B02E2C00A67C66 /* ArticleListStoryboardId.swift */ = {isa = PBXFileReference; lastKnownFileType = sourcecode.swift; path = ArticleListStoryboardId.swift; sourceTree = "<group>"; };
		57907D3127B02E3A00A67C66 /* ArticleListStoryboard.swift */ = {isa = PBXFileReference; lastKnownFileType = sourcecode.swift; path = ArticleListStoryboard.swift; sourceTree = "<group>"; };
		57907D3327B02E4800A67C66 /* ArticleListAssembly.swift */ = {isa = PBXFileReference; lastKnownFileType = sourcecode.swift; path = ArticleListAssembly.swift; sourceTree = "<group>"; };
		57919DCF26D154760068808F /* VIP Project.app */ = {isa = PBXFileReference; explicitFileType = wrapper.application; includeInIndex = 0; path = "VIP Project.app"; sourceTree = BUILT_PRODUCTS_DIR; };
		57919DD226D154760068808F /* AppDelegate.swift */ = {isa = PBXFileReference; lastKnownFileType = sourcecode.swift; path = AppDelegate.swift; sourceTree = "<group>"; };
		57919DD426D154760068808F /* App.swift */ = {isa = PBXFileReference; lastKnownFileType = sourcecode.swift; path = App.swift; sourceTree = "<group>"; };
		57919DD626D154760068808F /* RootNavigator.swift */ = {isa = PBXFileReference; lastKnownFileType = sourcecode.swift; path = RootNavigator.swift; sourceTree = "<group>"; };
		57919DD926D154760068808F /* Base */ = {isa = PBXFileReference; lastKnownFileType = file.storyboard; name = Base; path = Base.lproj/ArticleList.storyboard; sourceTree = "<group>"; };
		57919DDB26D154770068808F /* Assets.xcassets */ = {isa = PBXFileReference; lastKnownFileType = folder.assetcatalog; path = Assets.xcassets; sourceTree = "<group>"; };
		57919DDE26D154770068808F /* Base */ = {isa = PBXFileReference; lastKnownFileType = file.storyboard; name = Base; path = Base.lproj/LaunchScreen.storyboard; sourceTree = "<group>"; };
		57919DE026D154770068808F /* Info.plist */ = {isa = PBXFileReference; lastKnownFileType = text.plist.xml; path = Info.plist; sourceTree = "<group>"; };
		57919DF626D160780068808F /* ArticleTarget.swift */ = {isa = PBXFileReference; lastKnownFileType = sourcecode.swift; path = ArticleTarget.swift; sourceTree = "<group>"; };
		57919DFA26D163B30068808F /* ArticlesPresenter.swift */ = {isa = PBXFileReference; lastKnownFileType = sourcecode.swift; path = ArticlesPresenter.swift; sourceTree = "<group>"; };
		57919DFC26D163B30068808F /* ArticlesRouter.swift */ = {isa = PBXFileReference; lastKnownFileType = sourcecode.swift; path = ArticlesRouter.swift; sourceTree = "<group>"; };
		57919DFD26D163B30068808F /* ArticlesModels.swift */ = {isa = PBXFileReference; lastKnownFileType = sourcecode.swift; path = ArticlesModels.swift; sourceTree = "<group>"; };
		57919DFE26D163B30068808F /* ArticlesViewController.swift */ = {isa = PBXFileReference; lastKnownFileType = sourcecode.swift; path = ArticlesViewController.swift; sourceTree = "<group>"; };
		57919DFF26D163B30068808F /* ArticlesInteractor.swift */ = {isa = PBXFileReference; lastKnownFileType = sourcecode.swift; path = ArticlesInteractor.swift; sourceTree = "<group>"; };
		57919E0826D165840068808F /* ArticleModel.swift */ = {isa = PBXFileReference; lastKnownFileType = sourcecode.swift; path = ArticleModel.swift; sourceTree = "<group>"; };
		57919E0C26D272230068808F /* ArticleTableViewCell.swift */ = {isa = PBXFileReference; lastKnownFileType = sourcecode.swift; path = ArticleTableViewCell.swift; sourceTree = "<group>"; };
		57919E0D26D272230068808F /* ArticleTableViewCell.xib */ = {isa = PBXFileReference; lastKnownFileType = file.xib; path = ArticleTableViewCell.xib; sourceTree = "<group>"; };
		57919E1226D274490068808F /* UIColor + MyColors.swift */ = {isa = PBXFileReference; lastKnownFileType = sourcecode.swift; path = "UIColor + MyColors.swift"; sourceTree = "<group>"; };
		57919E2426D29CA50068808F /* ArticleDetailsPresenter.swift */ = {isa = PBXFileReference; lastKnownFileType = sourcecode.swift; path = ArticleDetailsPresenter.swift; sourceTree = "<group>"; };
		57919E2626D29CA50068808F /* ArticleDetailsRouter.swift */ = {isa = PBXFileReference; lastKnownFileType = sourcecode.swift; path = ArticleDetailsRouter.swift; sourceTree = "<group>"; };
		57919E2726D29CA50068808F /* ArticleDetailsModels.swift */ = {isa = PBXFileReference; lastKnownFileType = sourcecode.swift; path = ArticleDetailsModels.swift; sourceTree = "<group>"; };
		57919E2826D29CA50068808F /* ArticleDetailsViewController.swift */ = {isa = PBXFileReference; lastKnownFileType = sourcecode.swift; path = ArticleDetailsViewController.swift; sourceTree = "<group>"; };
		57919E2926D29CA50068808F /* ArticleDetailsInteractor.swift */ = {isa = PBXFileReference; lastKnownFileType = sourcecode.swift; path = ArticleDetailsInteractor.swift; sourceTree = "<group>"; };
		57919E3526D2A8150068808F /* AboutPresenter.swift */ = {isa = PBXFileReference; lastKnownFileType = sourcecode.swift; path = AboutPresenter.swift; sourceTree = "<group>"; };
		57919E3726D2A8150068808F /* AboutRouter.swift */ = {isa = PBXFileReference; lastKnownFileType = sourcecode.swift; path = AboutRouter.swift; sourceTree = "<group>"; };
		57919E3826D2A8150068808F /* AboutModels.swift */ = {isa = PBXFileReference; lastKnownFileType = sourcecode.swift; path = AboutModels.swift; sourceTree = "<group>"; };
		57919E3926D2A8150068808F /* AboutViewController.swift */ = {isa = PBXFileReference; lastKnownFileType = sourcecode.swift; path = AboutViewController.swift; sourceTree = "<group>"; };
		57919E3A26D2A8150068808F /* AboutInteractor.swift */ = {isa = PBXFileReference; lastKnownFileType = sourcecode.swift; path = AboutInteractor.swift; sourceTree = "<group>"; };
		57919E4426D2AB820068808F /* ImageAndTitleTableViewCell.swift */ = {isa = PBXFileReference; lastKnownFileType = sourcecode.swift; path = ImageAndTitleTableViewCell.swift; sourceTree = "<group>"; };
		57919E4526D2AB820068808F /* ImageAndTitleTableViewCell.xib */ = {isa = PBXFileReference; lastKnownFileType = file.xib; path = ImageAndTitleTableViewCell.xib; sourceTree = "<group>"; };
		57919E4A26D2B2290068808F /* ContentAndInfoTableViewCell.swift */ = {isa = PBXFileReference; lastKnownFileType = sourcecode.swift; path = ContentAndInfoTableViewCell.swift; sourceTree = "<group>"; };
		57919E4B26D2B2290068808F /* ContentAndInfoTableViewCell.xib */ = {isa = PBXFileReference; lastKnownFileType = file.xib; path = ContentAndInfoTableViewCell.xib; sourceTree = "<group>"; };
		57955BCF27ECEA30007BDADD /* R.generated.swift */ = {isa = PBXFileReference; fileEncoding = 4; lastKnownFileType = sourcecode.swift; path = R.generated.swift; sourceTree = SOURCE_ROOT; };
		57A747A1281F1A750008BC47 /* About.storyboard */ = {isa = PBXFileReference; lastKnownFileType = file.storyboard; path = About.storyboard; sourceTree = "<group>"; };
		57A747A4281F1B380008BC47 /* AboutStoryboardId.swift */ = {isa = PBXFileReference; lastKnownFileType = sourcecode.swift; path = AboutStoryboardId.swift; sourceTree = "<group>"; };
		57A747A6281F1B470008BC47 /* AboutStoryboard.swift */ = {isa = PBXFileReference; lastKnownFileType = sourcecode.swift; path = AboutStoryboard.swift; sourceTree = "<group>"; };
		57A747A8281F1B540008BC47 /* AboutAssembly.swift */ = {isa = PBXFileReference; lastKnownFileType = sourcecode.swift; path = AboutAssembly.swift; sourceTree = "<group>"; };
		C98934A83D4C7E66AA248DC2 /* Pods-VIP Project.debug.xcconfig */ = {isa = PBXFileReference; includeInIndex = 1; lastKnownFileType = text.xcconfig; name = "Pods-VIP Project.debug.xcconfig"; path = "Target Support Files/Pods-VIP Project/Pods-VIP Project.debug.xcconfig"; sourceTree = "<group>"; };
		E3F76769CFCAD0666074042D /* Pods_VIP_Project.framework */ = {isa = PBXFileReference; explicitFileType = wrapper.framework; includeInIndex = 0; path = Pods_VIP_Project.framework; sourceTree = BUILT_PRODUCTS_DIR; };
/* End PBXFileReference section */

/* Begin PBXFrameworksBuildPhase section */
		57919DCC26D154760068808F /* Frameworks */ = {
			isa = PBXFrameworksBuildPhase;
			buildActionMask = 2147483647;
			files = (
				53BE81576469A6D1535539BC /* Pods_VIP_Project.framework in Frameworks */,
			);
			runOnlyForDeploymentPostprocessing = 0;
		};
/* End PBXFrameworksBuildPhase section */

/* Begin PBXGroup section */
		57858077281989B200082243 /* TabBar */ = {
			isa = PBXGroup;
			children = (
				578580892819D6C000082243 /* DI */,
				57858078281989CF00082243 /* TabBarViewController.swift */,
				5785807A281989DA00082243 /* TabBarInteractor.swift */,
				5785807C281989E500082243 /* TabBarPresenter.swift */,
				5785807E281989F600082243 /* TabBarRouter.swift */,
				5785808028198A0100082243 /* TabBarProvider.swift */,
				5785808228198A0D00082243 /* TabBarItem.swift */,
			);
			path = TabBar;
			sourceTree = "<group>";
		};
		5785808428198B3400082243 /* App Navigator */ = {
			isa = PBXGroup;
			children = (
				5785808528198B8600082243 /* AppNavigationController.swift */,
			);
			path = "App Navigator";
			sourceTree = "<group>";
		};
		578580892819D6C000082243 /* DI */ = {
			isa = PBXGroup;
			children = (
				5785808A2819D6CE00082243 /* TabBarAssembly.swift */,
				5785808C2819D6D900082243 /* TabBarStoryboard.swift */,
			);
			path = DI;
			sourceTree = "<group>";
		};
		57906A1627B01F1000B083AD /* Common */ = {
			isa = PBXGroup;
			children = (
				57907D0C27B0202A00A67C66 /* NetworkObserver.swift */,
				57907D1127B0218300A67C66 /* SharedAssembly.swift */,
				5785808428198B3400082243 /* App Navigator */,
				57907D2327B0297A00A67C66 /* Errors */,
				57907D1E27B0267700A67C66 /* Views */,
				57907D1D27B0266900A67C66 /* Extensions */,
				57907D0E27B0208500A67C66 /* Protocols */,
			);
			path = Common;
			sourceTree = "<group>";
		};
		57906A1727B01F4D00B083AD /* Target */ = {
			isa = PBXGroup;
			children = (
				57919DF626D160780068808F /* ArticleTarget.swift */,
			);
			path = Target;
			sourceTree = "<group>";
		};
		57906A1827B01F5D00B083AD /* Provider */ = {
			isa = PBXGroup;
			children = (
				57907D2127B0287600A67C66 /* Provider.swift */,
			);
			path = Provider;
			sourceTree = "<group>";
		};
		57907D0E27B0208500A67C66 /* Protocols */ = {
			isa = PBXGroup;
			children = (
				57907D0F27B0209600A67C66 /* NWPathMonitorProtocol.swift */,
				57907D1327B0223100A67C66 /* Storyboard.swift */,
				57907D1527B022EB00A67C66 /* UIApplicationProtocol.swift */,
				57907D1727B0246B00A67C66 /* DispatchQueueProtocol.swift */,
				57907D1927B024DF00A67C66 /* TopViewControllerProviderProtocol.swift */,
				57907D1B27B0252700A67C66 /* UIViewControllerRouting.swift */,
				57907D2627B02A1E00A67C66 /* AppError.swift */,
			);
			path = Protocols;
			sourceTree = "<group>";
		};
		57907D1D27B0266900A67C66 /* Extensions */ = {
			isa = PBXGroup;
			children = (
				57919E1226D274490068808F /* UIColor + MyColors.swift */,
				57907D2827B02A7100A67C66 /* String + Localization.swift */,
			);
			path = Extensions;
			sourceTree = "<group>";
		};
		57907D1E27B0267700A67C66 /* Views */ = {
			isa = PBXGroup;
			children = (
			);
			path = Views;
			sourceTree = "<group>";
		};
		57907D1F27B026DD00A67C66 /* Storyboards */ = {
			isa = PBXGroup;
			children = (
				57919DD826D154760068808F /* ArticleList.storyboard */,
				57919DDD26D154770068808F /* LaunchScreen.storyboard */,
				578580872819D52E00082243 /* TabBar.storyboard */,
				57A747A1281F1A750008BC47 /* About.storyboard */,
			);
			path = Storyboards;
			sourceTree = "<group>";
		};
		57907D2027B0276B00A67C66 /* Fonts */ = {
			isa = PBXGroup;
			children = (
			);
			path = Fonts;
			sourceTree = "<group>";
		};
		57907D2327B0297A00A67C66 /* Errors */ = {
			isa = PBXGroup;
			children = (
				57907D2427B0298B00A67C66 /* ClientError.swift */,
				57907D2A27B02B3E00A67C66 /* ProviderError.swift */,
			);
			path = Errors;
			sourceTree = "<group>";
		};
		57907D2E27B02DF400A67C66 /* DI */ = {
			isa = PBXGroup;
			children = (
				57907D2F27B02E2C00A67C66 /* ArticleListStoryboardId.swift */,
				57907D3127B02E3A00A67C66 /* ArticleListStoryboard.swift */,
				57907D3327B02E4800A67C66 /* ArticleListAssembly.swift */,
			);
			path = DI;
			sourceTree = "<group>";
		};
		57919DC626D154760068808F = {
			isa = PBXGroup;
			children = (
				57919DD126D154760068808F /* VIP Project */,
				57919DD026D154760068808F /* Products */,
				AAA942A8FCF1D732C32C62AE /* Pods */,
				F7C3B593EA82DF483AF8DA39 /* Frameworks */,
			);
			sourceTree = "<group>";
		};
		57919DD026D154760068808F /* Products */ = {
			isa = PBXGroup;
			children = (
				57919DCF26D154760068808F /* VIP Project.app */,
			);
			name = Products;
			sourceTree = "<group>";
		};
		57919DD126D154760068808F /* VIP Project */ = {
			isa = PBXGroup;
			children = (
				57955BCF27ECEA30007BDADD /* R.generated.swift */,
				57919DD226D154760068808F /* AppDelegate.swift */,
				57919DD426D154760068808F /* App.swift */,
				57919DD626D154760068808F /* RootNavigator.swift */,
				57906A1627B01F1000B083AD /* Common */,
				57919DE726D154D20068808F /* Network */,
				57907D1F27B026DD00A67C66 /* Storyboards */,
				57919DE826D154E30068808F /* Scenes */,
				57919DE926D1550A0068808F /* Resources */,
				57919DE026D154770068808F /* Info.plist */,
			);
			path = "VIP Project";
			sourceTree = "<group>";
		};
		57919DE726D154D20068808F /* Network */ = {
			isa = PBXGroup;
			children = (
				57906A1827B01F5D00B083AD /* Provider */,
				57906A1727B01F4D00B083AD /* Target */,
				57919DF226D1605E0068808F /* Services */,
				57919DF526D160640068808F /* Model */,
			);
			path = Network;
			sourceTree = "<group>";
		};
		57919DE826D154E30068808F /* Scenes */ = {
			isa = PBXGroup;
			children = (
				57858077281989B200082243 /* TabBar */,
				57919E3426D2A7EB0068808F /* About */,
				57919E3226D2A7D50068808F /* Articles */,
			);
			path = Scenes;
			sourceTree = "<group>";
		};
		57919DE926D1550A0068808F /* Resources */ = {
			isa = PBXGroup;
			children = (
				57907D2027B0276B00A67C66 /* Fonts */,
				57919DDB26D154770068808F /* Assets.xcassets */,
			);
			path = Resources;
			sourceTree = "<group>";
		};
		57919DF226D1605E0068808F /* Services */ = {
			isa = PBXGroup;
			children = (
				57907D2C27B02C4C00A67C66 /* ArticleService.swift */,
			);
			path = Services;
			sourceTree = "<group>";
		};
		57919DF526D160640068808F /* Model */ = {
			isa = PBXGroup;
			children = (
				57919E0826D165840068808F /* ArticleModel.swift */,
			);
			path = Model;
			sourceTree = "<group>";
		};
		57919DF926D1638A0068808F /* ArticleList */ = {
			isa = PBXGroup;
			children = (
				57907D2E27B02DF400A67C66 /* DI */,
				57919E0B26D172140068808F /* Cells */,
				57919DFE26D163B30068808F /* ArticlesViewController.swift */,
				57919DFF26D163B30068808F /* ArticlesInteractor.swift */,
				57919DFA26D163B30068808F /* ArticlesPresenter.swift */,
				57919DFC26D163B30068808F /* ArticlesRouter.swift */,
				57919DFD26D163B30068808F /* ArticlesModels.swift */,
			);
			path = ArticleList;
			sourceTree = "<group>";
		};
		57919E0B26D172140068808F /* Cells */ = {
			isa = PBXGroup;
			children = (
				57919E0C26D272230068808F /* ArticleTableViewCell.swift */,
				57919E0D26D272230068808F /* ArticleTableViewCell.xib */,
			);
			path = Cells;
			sourceTree = "<group>";
		};
		57919E2326D29C860068808F /* Details */ = {
			isa = PBXGroup;
			children = (
				57919E4326D2AB370068808F /* Cells */,
				57919E2826D29CA50068808F /* ArticleDetailsViewController.swift */,
				57919E2926D29CA50068808F /* ArticleDetailsInteractor.swift */,
				57919E2426D29CA50068808F /* ArticleDetailsPresenter.swift */,
				57919E2626D29CA50068808F /* ArticleDetailsRouter.swift */,
				57919E2726D29CA50068808F /* ArticleDetailsModels.swift */,
			);
			path = Details;
			sourceTree = "<group>";
		};
		57919E3226D2A7D50068808F /* Articles */ = {
			isa = PBXGroup;
			children = (
				57919DF926D1638A0068808F /* ArticleList */,
				57919E2326D29C860068808F /* Details */,
			);
			path = Articles;
			sourceTree = "<group>";
		};
		57919E3426D2A7EB0068808F /* About */ = {
			isa = PBXGroup;
			children = (
				57A747A3281F1B230008BC47 /* DI */,
				57919E3926D2A8150068808F /* AboutViewController.swift */,
				57919E3A26D2A8150068808F /* AboutInteractor.swift */,
				57919E3526D2A8150068808F /* AboutPresenter.swift */,
				57919E3726D2A8150068808F /* AboutRouter.swift */,
				57919E3826D2A8150068808F /* AboutModels.swift */,
			);
			path = About;
			sourceTree = "<group>";
		};
		57919E4326D2AB370068808F /* Cells */ = {
			isa = PBXGroup;
			children = (
				57919E4426D2AB820068808F /* ImageAndTitleTableViewCell.swift */,
				57919E4526D2AB820068808F /* ImageAndTitleTableViewCell.xib */,
				57919E4A26D2B2290068808F /* ContentAndInfoTableViewCell.swift */,
				57919E4B26D2B2290068808F /* ContentAndInfoTableViewCell.xib */,
			);
			path = Cells;
			sourceTree = "<group>";
		};
		57A747A3281F1B230008BC47 /* DI */ = {
			isa = PBXGroup;
			children = (
				57A747A4281F1B380008BC47 /* AboutStoryboardId.swift */,
				57A747A6281F1B470008BC47 /* AboutStoryboard.swift */,
				57A747A8281F1B540008BC47 /* AboutAssembly.swift */,
			);
			path = DI;
			sourceTree = "<group>";
		};
		AAA942A8FCF1D732C32C62AE /* Pods */ = {
			isa = PBXGroup;
			children = (
				C98934A83D4C7E66AA248DC2 /* Pods-VIP Project.debug.xcconfig */,
				49FF6626858B5499B5CB58CA /* Pods-VIP Project.release.xcconfig */,
			);
			path = Pods;
			sourceTree = "<group>";
		};
		F7C3B593EA82DF483AF8DA39 /* Frameworks */ = {
			isa = PBXGroup;
			children = (
				E3F76769CFCAD0666074042D /* Pods_VIP_Project.framework */,
			);
			name = Frameworks;
			sourceTree = "<group>";
		};
/* End PBXGroup section */

/* Begin PBXNativeTarget section */
		57919DCE26D154760068808F /* VIP Project */ = {
			isa = PBXNativeTarget;
			buildConfigurationList = 57919DE326D154770068808F /* Build configuration list for PBXNativeTarget "VIP Project" */;
			buildPhases = (
				D821CEF0B534FCAA95E95F84 /* [CP] Check Pods Manifest.lock */,
				57955BCE27ECE8DB007BDADD /* ShellScript */,
				57919DCB26D154760068808F /* Sources */,
				57919DCC26D154760068808F /* Frameworks */,
				57919DCD26D154760068808F /* Resources */,
				C23CDF5C7A3F40395423CD94 /* [CP] Embed Pods Frameworks */,
			);
			buildRules = (
			);
			dependencies = (
			);
			name = "VIP Project";
			productName = "VIP Project";
			productReference = 57919DCF26D154760068808F /* VIP Project.app */;
			productType = "com.apple.product-type.application";
		};
/* End PBXNativeTarget section */

/* Begin PBXProject section */
		57919DC726D154760068808F /* Project object */ = {
			isa = PBXProject;
			attributes = {
				LastSwiftUpdateCheck = 1230;
				LastUpgradeCheck = 1230;
				TargetAttributes = {
					57919DCE26D154760068808F = {
						CreatedOnToolsVersion = 12.3;
					};
				};
			};
			buildConfigurationList = 57919DCA26D154760068808F /* Build configuration list for PBXProject "VIP Project" */;
			compatibilityVersion = "Xcode 9.3";
			developmentRegion = en;
			hasScannedForEncodings = 0;
			knownRegions = (
				en,
				Base,
			);
			mainGroup = 57919DC626D154760068808F;
			productRefGroup = 57919DD026D154760068808F /* Products */;
			projectDirPath = "";
			projectRoot = "";
			targets = (
				57919DCE26D154760068808F /* VIP Project */,
			);
		};
/* End PBXProject section */

/* Begin PBXResourcesBuildPhase section */
		57919DCD26D154760068808F /* Resources */ = {
			isa = PBXResourcesBuildPhase;
			buildActionMask = 2147483647;
			files = (
				57919E0F26D272230068808F /* ArticleTableViewCell.xib in Resources */,
				57919E4D26D2B2290068808F /* ContentAndInfoTableViewCell.xib in Resources */,
				57A747A2281F1A750008BC47 /* About.storyboard in Resources */,
				57919DDF26D154770068808F /* LaunchScreen.storyboard in Resources */,
				57919E4726D2AB820068808F /* ImageAndTitleTableViewCell.xib in Resources */,
				57919DDC26D154770068808F /* Assets.xcassets in Resources */,
				578580882819D52E00082243 /* TabBar.storyboard in Resources */,
				57919DDA26D154760068808F /* ArticleList.storyboard in Resources */,
			);
			runOnlyForDeploymentPostprocessing = 0;
		};
/* End PBXResourcesBuildPhase section */

/* Begin PBXShellScriptBuildPhase section */
		57955BCE27ECE8DB007BDADD /* ShellScript */ = {
			isa = PBXShellScriptBuildPhase;
			buildActionMask = 2147483647;
			files = (
			);
			inputFileListPaths = (
			);
			inputPaths = (
				"$TEMP_DIR/rswift-lastrun",
			);
			outputFileListPaths = (
			);
			outputPaths = (
				$SRCROOT/R.generated.swift,
			);
			runOnlyForDeploymentPostprocessing = 0;
			shellPath = /bin/sh;
			shellScript = "# Type a script or drag a script file from your workspace to insert its path.\n\"$PODS_ROOT/R.swift/rswift\" generate \"$SRCROOT/R.generated.swift\"\n";
		};
		C23CDF5C7A3F40395423CD94 /* [CP] Embed Pods Frameworks */ = {
			isa = PBXShellScriptBuildPhase;
			buildActionMask = 2147483647;
			files = (
			);
			inputFileListPaths = (
				"${PODS_ROOT}/Target Support Files/Pods-VIP Project/Pods-VIP Project-frameworks-${CONFIGURATION}-input-files.xcfilelist",
			);
			name = "[CP] Embed Pods Frameworks";
			outputFileListPaths = (
				"${PODS_ROOT}/Target Support Files/Pods-VIP Project/Pods-VIP Project-frameworks-${CONFIGURATION}-output-files.xcfilelist",
			);
			runOnlyForDeploymentPostprocessing = 0;
			shellPath = /bin/sh;
			shellScript = "\"${PODS_ROOT}/Target Support Files/Pods-VIP Project/Pods-VIP Project-frameworks.sh\"\n";
			showEnvVarsInLog = 0;
		};
		D821CEF0B534FCAA95E95F84 /* [CP] Check Pods Manifest.lock */ = {
			isa = PBXShellScriptBuildPhase;
			buildActionMask = 2147483647;
			files = (
			);
			inputFileListPaths = (
			);
			inputPaths = (
				"${PODS_PODFILE_DIR_PATH}/Podfile.lock",
				"${PODS_ROOT}/Manifest.lock",
			);
			name = "[CP] Check Pods Manifest.lock";
			outputFileListPaths = (
			);
			outputPaths = (
				"$(DERIVED_FILE_DIR)/Pods-VIP Project-checkManifestLockResult.txt",
			);
			runOnlyForDeploymentPostprocessing = 0;
			shellPath = /bin/sh;
			shellScript = "diff \"${PODS_PODFILE_DIR_PATH}/Podfile.lock\" \"${PODS_ROOT}/Manifest.lock\" > /dev/null\nif [ $? != 0 ] ; then\n    # print error to STDERR\n    echo \"error: The sandbox is not in sync with the Podfile.lock. Run 'pod install' or update your CocoaPods installation.\" >&2\n    exit 1\nfi\n# This output is used by Xcode 'outputs' to avoid re-running this script phase.\necho \"SUCCESS\" > \"${SCRIPT_OUTPUT_FILE_0}\"\n";
			showEnvVarsInLog = 0;
		};
/* End PBXShellScriptBuildPhase section */

/* Begin PBXSourcesBuildPhase section */
		57919DCB26D154760068808F /* Sources */ = {
			isa = PBXSourcesBuildPhase;
			buildActionMask = 2147483647;
			files = (
				5785808D2819D6D900082243 /* TabBarStoryboard.swift in Sources */,
				57919E2C26D29CA50068808F /* ArticleDetailsRouter.swift in Sources */,
				57919E4C26D2B2290068808F /* ContentAndInfoTableViewCell.swift in Sources */,
				57907D2727B02A1E00A67C66 /* AppError.swift in Sources */,
				57907D1027B0209600A67C66 /* NWPathMonitorProtocol.swift in Sources */,
				57858079281989CF00082243 /* TabBarViewController.swift in Sources */,
				57919E0926D165840068808F /* ArticleModel.swift in Sources */,
				5785808328198A0D00082243 /* TabBarItem.swift in Sources */,
				57907D2227B0287600A67C66 /* Provider.swift in Sources */,
				57919E3D26D2A8150068808F /* AboutRouter.swift in Sources */,
				57919E2F26D29CA50068808F /* ArticleDetailsInteractor.swift in Sources */,
				57907D3427B02E4800A67C66 /* ArticleListAssembly.swift in Sources */,
				5785807F281989F600082243 /* TabBarRouter.swift in Sources */,
				57919E3E26D2A8150068808F /* AboutModels.swift in Sources */,
				57919E2E26D29CA50068808F /* ArticleDetailsViewController.swift in Sources */,
				5785807B281989DA00082243 /* TabBarInteractor.swift in Sources */,
				57919E3F26D2A8150068808F /* AboutViewController.swift in Sources */,
				57907D2D27B02C4C00A67C66 /* ArticleService.swift in Sources */,
				57919E2A26D29CA50068808F /* ArticleDetailsPresenter.swift in Sources */,
				57919DD726D154760068808F /* RootNavigator.swift in Sources */,
				57919E4626D2AB820068808F /* ImageAndTitleTableViewCell.swift in Sources */,
				57A747A9281F1B540008BC47 /* AboutAssembly.swift in Sources */,
				57907D1427B0223100A67C66 /* Storyboard.swift in Sources */,
				57919E4026D2A8150068808F /* AboutInteractor.swift in Sources */,
				57907D2927B02A7100A67C66 /* String + Localization.swift in Sources */,
				57919E0326D163B30068808F /* ArticlesModels.swift in Sources */,
				57919E0E26D272230068808F /* ArticleTableViewCell.swift in Sources */,
				57919E0426D163B30068808F /* ArticlesViewController.swift in Sources */,
				57A747A7281F1B470008BC47 /* AboutStoryboard.swift in Sources */,
				57A747A5281F1B380008BC47 /* AboutStoryboardId.swift in Sources */,
				57919DF726D160780068808F /* ArticleTarget.swift in Sources */,
				57919DD326D154760068808F /* AppDelegate.swift in Sources */,
				57919E1326D274490068808F /* UIColor + MyColors.swift in Sources */,
				57919E2D26D29CA50068808F /* ArticleDetailsModels.swift in Sources */,
				57919E0226D163B30068808F /* ArticlesRouter.swift in Sources */,
				57907D1A27B024DF00A67C66 /* TopViewControllerProviderProtocol.swift in Sources */,
				57907D1227B0218300A67C66 /* SharedAssembly.swift in Sources */,
				57955BD027ECEA30007BDADD /* R.generated.swift in Sources */,
				5785808128198A0100082243 /* TabBarProvider.swift in Sources */,
				57919DD526D154760068808F /* App.swift in Sources */,
				57907D3027B02E2C00A67C66 /* ArticleListStoryboardId.swift in Sources */,
				57907D3227B02E3A00A67C66 /* ArticleListStoryboard.swift in Sources */,
				5785807D281989E500082243 /* TabBarPresenter.swift in Sources */,
				57907D2527B0298B00A67C66 /* ClientError.swift in Sources */,
				57907D1827B0246B00A67C66 /* DispatchQueueProtocol.swift in Sources */,
				5785808B2819D6CE00082243 /* TabBarAssembly.swift in Sources */,
				57907D0D27B0202A00A67C66 /* NetworkObserver.swift in Sources */,
				5785808628198B8600082243 /* AppNavigationController.swift in Sources */,
				57907D1627B022EB00A67C66 /* UIApplicationProtocol.swift in Sources */,
				57919E0026D163B30068808F /* ArticlesPresenter.swift in Sources */,
				57907D2B27B02B3E00A67C66 /* ProviderError.swift in Sources */,
				57919E0526D163B30068808F /* ArticlesInteractor.swift in Sources */,
				57919E3B26D2A8150068808F /* AboutPresenter.swift in Sources */,
				57907D1C27B0252700A67C66 /* UIViewControllerRouting.swift in Sources */,
			);
			runOnlyForDeploymentPostprocessing = 0;
		};
/* End PBXSourcesBuildPhase section */

/* Begin PBXVariantGroup section */
		57919DD826D154760068808F /* ArticleList.storyboard */ = {
			isa = PBXVariantGroup;
			children = (
				57919DD926D154760068808F /* Base */,
			);
			name = ArticleList.storyboard;
			sourceTree = "<group>";
		};
		57919DDD26D154770068808F /* LaunchScreen.storyboard */ = {
			isa = PBXVariantGroup;
			children = (
				57919DDE26D154770068808F /* Base */,
			);
			name = LaunchScreen.storyboard;
			sourceTree = "<group>";
		};
/* End PBXVariantGroup section */

/* Begin XCBuildConfiguration section */
		57919DE126D154770068808F /* Debug */ = {
			isa = XCBuildConfiguration;
			buildSettings = {
				ALWAYS_SEARCH_USER_PATHS = NO;
				CLANG_ANALYZER_NONNULL = YES;
				CLANG_ANALYZER_NUMBER_OBJECT_CONVERSION = YES_AGGRESSIVE;
				CLANG_CXX_LANGUAGE_STANDARD = "gnu++14";
				CLANG_CXX_LIBRARY = "libc++";
				CLANG_ENABLE_MODULES = YES;
				CLANG_ENABLE_OBJC_ARC = YES;
				CLANG_ENABLE_OBJC_WEAK = YES;
				CLANG_WARN_BLOCK_CAPTURE_AUTORELEASING = YES;
				CLANG_WARN_BOOL_CONVERSION = YES;
				CLANG_WARN_COMMA = YES;
				CLANG_WARN_CONSTANT_CONVERSION = YES;
				CLANG_WARN_DEPRECATED_OBJC_IMPLEMENTATIONS = YES;
				CLANG_WARN_DIRECT_OBJC_ISA_USAGE = YES_ERROR;
				CLANG_WARN_DOCUMENTATION_COMMENTS = YES;
				CLANG_WARN_EMPTY_BODY = YES;
				CLANG_WARN_ENUM_CONVERSION = YES;
				CLANG_WARN_INFINITE_RECURSION = YES;
				CLANG_WARN_INT_CONVERSION = YES;
				CLANG_WARN_NON_LITERAL_NULL_CONVERSION = YES;
				CLANG_WARN_OBJC_IMPLICIT_RETAIN_SELF = YES;
				CLANG_WARN_OBJC_LITERAL_CONVERSION = YES;
				CLANG_WARN_OBJC_ROOT_CLASS = YES_ERROR;
				CLANG_WARN_QUOTED_INCLUDE_IN_FRAMEWORK_HEADER = YES;
				CLANG_WARN_RANGE_LOOP_ANALYSIS = YES;
				CLANG_WARN_STRICT_PROTOTYPES = YES;
				CLANG_WARN_SUSPICIOUS_MOVE = YES;
				CLANG_WARN_UNGUARDED_AVAILABILITY = YES_AGGRESSIVE;
				CLANG_WARN_UNREACHABLE_CODE = YES;
				CLANG_WARN__DUPLICATE_METHOD_MATCH = YES;
				COPY_PHASE_STRIP = NO;
				DEBUG_INFORMATION_FORMAT = dwarf;
				ENABLE_STRICT_OBJC_MSGSEND = YES;
				ENABLE_TESTABILITY = YES;
				GCC_C_LANGUAGE_STANDARD = gnu11;
				GCC_DYNAMIC_NO_PIC = NO;
				GCC_NO_COMMON_BLOCKS = YES;
				GCC_OPTIMIZATION_LEVEL = 0;
				GCC_PREPROCESSOR_DEFINITIONS = (
					"DEBUG=1",
					"$(inherited)",
				);
				GCC_WARN_64_TO_32_BIT_CONVERSION = YES;
				GCC_WARN_ABOUT_RETURN_TYPE = YES_ERROR;
				GCC_WARN_UNDECLARED_SELECTOR = YES;
				GCC_WARN_UNINITIALIZED_AUTOS = YES_AGGRESSIVE;
				GCC_WARN_UNUSED_FUNCTION = YES;
				GCC_WARN_UNUSED_VARIABLE = YES;
				IPHONEOS_DEPLOYMENT_TARGET = 14.3;
				MTL_ENABLE_DEBUG_INFO = INCLUDE_SOURCE;
				MTL_FAST_MATH = YES;
				ONLY_ACTIVE_ARCH = YES;
				SDKROOT = iphoneos;
				SWIFT_ACTIVE_COMPILATION_CONDITIONS = DEBUG;
				SWIFT_OPTIMIZATION_LEVEL = "-Onone";
			};
			name = Debug;
		};
		57919DE226D154770068808F /* Release */ = {
			isa = XCBuildConfiguration;
			buildSettings = {
				ALWAYS_SEARCH_USER_PATHS = NO;
				CLANG_ANALYZER_NONNULL = YES;
				CLANG_ANALYZER_NUMBER_OBJECT_CONVERSION = YES_AGGRESSIVE;
				CLANG_CXX_LANGUAGE_STANDARD = "gnu++14";
				CLANG_CXX_LIBRARY = "libc++";
				CLANG_ENABLE_MODULES = YES;
				CLANG_ENABLE_OBJC_ARC = YES;
				CLANG_ENABLE_OBJC_WEAK = YES;
				CLANG_WARN_BLOCK_CAPTURE_AUTORELEASING = YES;
				CLANG_WARN_BOOL_CONVERSION = YES;
				CLANG_WARN_COMMA = YES;
				CLANG_WARN_CONSTANT_CONVERSION = YES;
				CLANG_WARN_DEPRECATED_OBJC_IMPLEMENTATIONS = YES;
				CLANG_WARN_DIRECT_OBJC_ISA_USAGE = YES_ERROR;
				CLANG_WARN_DOCUMENTATION_COMMENTS = YES;
				CLANG_WARN_EMPTY_BODY = YES;
				CLANG_WARN_ENUM_CONVERSION = YES;
				CLANG_WARN_INFINITE_RECURSION = YES;
				CLANG_WARN_INT_CONVERSION = YES;
				CLANG_WARN_NON_LITERAL_NULL_CONVERSION = YES;
				CLANG_WARN_OBJC_IMPLICIT_RETAIN_SELF = YES;
				CLANG_WARN_OBJC_LITERAL_CONVERSION = YES;
				CLANG_WARN_OBJC_ROOT_CLASS = YES_ERROR;
				CLANG_WARN_QUOTED_INCLUDE_IN_FRAMEWORK_HEADER = YES;
				CLANG_WARN_RANGE_LOOP_ANALYSIS = YES;
				CLANG_WARN_STRICT_PROTOTYPES = YES;
				CLANG_WARN_SUSPICIOUS_MOVE = YES;
				CLANG_WARN_UNGUARDED_AVAILABILITY = YES_AGGRESSIVE;
				CLANG_WARN_UNREACHABLE_CODE = YES;
				CLANG_WARN__DUPLICATE_METHOD_MATCH = YES;
				COPY_PHASE_STRIP = NO;
				DEBUG_INFORMATION_FORMAT = "dwarf-with-dsym";
				ENABLE_NS_ASSERTIONS = NO;
				ENABLE_STRICT_OBJC_MSGSEND = YES;
				GCC_C_LANGUAGE_STANDARD = gnu11;
				GCC_NO_COMMON_BLOCKS = YES;
				GCC_WARN_64_TO_32_BIT_CONVERSION = YES;
				GCC_WARN_ABOUT_RETURN_TYPE = YES_ERROR;
				GCC_WARN_UNDECLARED_SELECTOR = YES;
				GCC_WARN_UNINITIALIZED_AUTOS = YES_AGGRESSIVE;
				GCC_WARN_UNUSED_FUNCTION = YES;
				GCC_WARN_UNUSED_VARIABLE = YES;
				IPHONEOS_DEPLOYMENT_TARGET = 14.3;
				MTL_ENABLE_DEBUG_INFO = NO;
				MTL_FAST_MATH = YES;
				SDKROOT = iphoneos;
				SWIFT_COMPILATION_MODE = wholemodule;
				SWIFT_OPTIMIZATION_LEVEL = "-O";
				VALIDATE_PRODUCT = YES;
			};
			name = Release;
		};
		57919DE426D154770068808F /* Debug */ = {
			isa = XCBuildConfiguration;
			baseConfigurationReference = C98934A83D4C7E66AA248DC2 /* Pods-VIP Project.debug.xcconfig */;
			buildSettings = {
				ASSETCATALOG_COMPILER_APPICON_NAME = AppIcon;
				ASSETCATALOG_COMPILER_GLOBAL_ACCENT_COLOR_NAME = AccentColor;
				CODE_SIGN_STYLE = Automatic;
				DEVELOPMENT_TEAM = Y3X6GMAKF6;
				INFOPLIST_FILE = "VIP Project/Info.plist";
				LD_RUNPATH_SEARCH_PATHS = (
					"$(inherited)",
					"@executable_path/Frameworks",
				);
				PRODUCT_BUNDLE_IDENTIFIER = "com.riurean.VIP-Project";
				PRODUCT_NAME = "$(TARGET_NAME)";
				SWIFT_VERSION = 5.0;
				TARGETED_DEVICE_FAMILY = "1,2";
			};
			name = Debug;
		};
		57919DE526D154770068808F /* Release */ = {
			isa = XCBuildConfiguration;
			baseConfigurationReference = 49FF6626858B5499B5CB58CA /* Pods-VIP Project.release.xcconfig */;
			buildSettings = {
				ASSETCATALOG_COMPILER_APPICON_NAME = AppIcon;
				ASSETCATALOG_COMPILER_GLOBAL_ACCENT_COLOR_NAME = AccentColor;
				CODE_SIGN_STYLE = Automatic;
				DEVELOPMENT_TEAM = Y3X6GMAKF6;
				INFOPLIST_FILE = "VIP Project/Info.plist";
				LD_RUNPATH_SEARCH_PATHS = (
					"$(inherited)",
					"@executable_path/Frameworks",
				);
				PRODUCT_BUNDLE_IDENTIFIER = "com.riurean.VIP-Project";
				PRODUCT_NAME = "$(TARGET_NAME)";
				SWIFT_VERSION = 5.0;
				TARGETED_DEVICE_FAMILY = "1,2";
			};
			name = Release;
		};
/* End XCBuildConfiguration section */

/* Begin XCConfigurationList section */
		57919DCA26D154760068808F /* Build configuration list for PBXProject "VIP Project" */ = {
			isa = XCConfigurationList;
			buildConfigurations = (
				57919DE126D154770068808F /* Debug */,
				57919DE226D154770068808F /* Release */,
			);
			defaultConfigurationIsVisible = 0;
			defaultConfigurationName = Release;
		};
		57919DE326D154770068808F /* Build configuration list for PBXNativeTarget "VIP Project" */ = {
			isa = XCConfigurationList;
			buildConfigurations = (
				57919DE426D154770068808F /* Debug */,
				57919DE526D154770068808F /* Release */,
			);
			defaultConfigurationIsVisible = 0;
			defaultConfigurationName = Release;
		};
/* End XCConfigurationList section */
	};
	rootObject = 57919DC726D154760068808F /* Project object */;
}
